
Microsoft Visual Studio Solution File, Format Version 12.00
# Visual Studio Version 17
VisualStudioVersion = 17.3.32819.101
MinimumVisualStudioVersion = 10.0.40219.1
Project("{FAE04EC0-301F-11D3-BF4B-00C04F79EFBC}") = "417Homework", "417Homework\417Homework.csproj", "{95823CA7-7DEC-4278-A48F-73BAFE38F326}"
EndProject
Global
	GlobalSection(SolutionConfigurationPlatforms) = preSolution
		Debug|Any CPU = Debug|Any CPU
		Release|Any CPU = Release|Any CPU
	EndGlobalSection
	GlobalSection(ProjectConfigurationPlatforms) = postSolution
		{95823CA7-7DEC-4278-A48F-73BAFE38F326}.Debug|Any CPU.ActiveCfg = Debug|Any CPU
		{95823CA7-7DEC-4278-A48F-73BAFE38F326}.Debug|Any CPU.Build.0 = Debug|Any CPU
		{95823CA7-7DEC-4278-A48F-73BAFE38F326}.Release|Any CPU.ActiveCfg = Release|Any CPU
		{95823CA7-7DEC-4278-A48F-73BAFE38F326}.Release|Any CPU.Build.0 = Release|Any CPU
	EndGlobalSection
	GlobalSection(SolutionProperties) = preSolution
		HideSolutionNode = FALSE
	EndGlobalSection
	GlobalSection(ExtensibilityGlobals) = postSolution
		SolutionGuid = {6D2C8855-4D1E-45E5-873F-92BF920580A3}
	EndGlobalSection
EndGlobal
